{
  "lockfile_version": "1",
  "packages": {
    "github:NixOS/nixpkgs/nixpkgs-unstable": {
      "last_modified": "2025-07-19T04:40:28Z",
      "resolved": "github:NixOS/nixpkgs/6b4955211758ba47fac850c040a27f23b9b4008f?lastModified=1752900028&narHash=sha256-dPALCtmik9Wr14MGqVXm%2BOQcv7vhPBXcWNIOThGnB%2FQ%3D"
    },
    "go@1.24.4": {
      "last_modified": "2025-07-13T22:45:35Z",
      "resolved": "github:NixOS/nixpkgs/a421ac6595024edcfbb1ef950a3712b89161c359#go",
      "source": "devbox-search",
      "version": "1.24.4",
      "systems": {
        "aarch64-darwin": {
          "outputs": [
            {
              "name": "out",
              "path": "/nix/store/f4a0g1p943l61wfvqnpdr73v9bsyfhf2-go-1.24.4",
              "default": true
            }
          ],
          "store_path": "/nix/store/f4a0g1p943l61wfvqnpdr73v9bsyfhf2-go-1.24.4"
        },
        "aarch64-linux": {
          "outputs": [
            {
              "name": "out",
              "path": "/nix/store/mdyik6amglpjs533vk927f9w1qmyw239-go-1.24.4",
              "default": true
            }
          ],
          "store_path": "/nix/store/mdyik6amglpjs533vk927f9w1qmyw239-go-1.24.4"
        },
        "x86_64-darwin": {
          "outputs": [
            {
              "name": "out",
              "path": "/nix/store/b56ngr9p7x6z368w8m7ps95r3x8gdfv7-go-1.24.4",
              "default": true
            }
          ],
          "store_path": "/nix/store/b56ngr9p7x6z368w8m7ps95r3x8gdfv7-go-1.24.4"
        },
        "x86_64-linux": {
          "outputs": [
            {
              "name": "out",
              "path": "/nix/store/xrzqlk92h7z5mz9mlc4a9dyy91n5b68i-go-1.24.4",
              "default": true
            }
          ],
          "store_path": "/nix/store/xrzqlk92h7z5mz9mlc4a9dyy91n5b68i-go-1.24.4"
        }
      }
    },
    "postgresql@latest": {
      "last_modified": "2025-03-25T17:32:05Z",
      "plugin_version": "0.0.2",
      "resolved": "github:NixOS/nixpkgs/25d1b84f5c90632a623c48d83a2faf156451e6b1#postgresql",
      "source": "devbox-search",
      "version": "17.4",
      "systems": {
        "aarch64-darwin": {
          "outputs": [
            {
              "name": "out",
              "path": "/nix/store/prh52g9iwjdddxbv4n0b52gbnlxnnk6w-postgresql-17.4",
              "default": true
            },
            {
              "name": "man",
              "path": "/nix/store/il144892arv36x68b5y95bkvrq32ym91-postgresql-17.4-man",
              "default": true
            },
            {
              "name": "dev",
              "path": "/nix/store/7gf8hy13r7li2balcini7004aml54l5n-postgresql-17.4-dev"
            },
            {
              "name": "doc",
              "path": "/nix/store/6x00505hxzfwjfpk15v6p4qqnbpk5dza-postgresql-17.4-doc"
            },
            {
              "name": "lib",
              "path": "/nix/store/c9g6v34cjsf308m9xzcs7figc1vgbbw3-postgresql-17.4-lib"
            }
          ],
          "store_path": "/nix/store/prh52g9iwjdddxbv4n0b52gbnlxnnk6w-postgresql-17.4"
        },
        "aarch64-linux": {
          "outputs": [
            {
              "name": "out",
              "path": "/nix/store/1lgjdy1nm8l68y2jw6m1lhas4j5jcmk1-postgresql-17.4",
              "default": true
            },
            {
              "name": "man",
              "path": "/nix/store/1v352rrzfv5p105jfaizxhd29nk41hgp-postgresql-17.4-man",
              "default": true
            },
            {
              "name": "debug",
              "path": "/nix/store/5bywayb6ywgznzh9cck9wpya1bzg4v0a-postgresql-17.4-debug"
            },
            {
              "name": "dev",
              "path": "/nix/store/zs35b02p7cay6jp7zr1xihwx8vzab17c-postgresql-17.4-dev"
            },
            {
              "name": "doc",
              "path": "/nix/store/1qccl3dm5wcja6h2kjkhvs5r9l1bx4hz-postgresql-17.4-doc"
            },
            {
              "name": "lib",
              "path": "/nix/store/kyh4l6wsjgwghvjw9810p7nn1ap106mj-postgresql-17.4-lib"
            }
          ],
          "store_path": "/nix/store/1lgjdy1nm8l68y2jw6m1lhas4j5jcmk1-postgresql-17.4"
        },
        "x86_64-darwin": {
          "outputs": [
            {
              "name": "out",
              "path": "/nix/store/0mzgv54qxafr66f4d7prz42fhs833mhk-postgresql-17.4",
              "default": true
            },
            {
              "name": "man",
              "path": "/nix/store/akb98lb29c1x3mflzcwqy4a0gqfk331r-postgresql-17.4-man",
              "default": true
            },
            {
              "name": "dev",
              "path": "/nix/store/gpkbg9yhx7jji2hr3jp89q06hi6v7qrk-postgresql-17.4-dev"
            },
            {
              "name": "doc",
              "path": "/nix/store/9hxw6pf1qnlz1ygx5ximyvc48swb54n0-postgresql-17.4-doc"
            },
            {
              "name": "lib",
              "path": "/nix/store/kyml5v1q498ympq67jvcnhgmsn8384zk-postgresql-17.4-lib"
            }
          ],
          "store_path": "/nix/store/0mzgv54qxafr66f4d7prz42fhs833mhk-postgresql-17.4"
        },
        "x86_64-linux": {
          "outputs": [
            {
              "name": "out",
              "path": "/nix/store/snfxmriwav4i0k1fxp78xk5w12hbv4q9-postgresql-17.4",
              "default": true
            },
            {
              "name": "man",
              "path": "/nix/store/pcx190vq4awjcgpmj2flrbp9awhdc74q-postgresql-17.4-man",
              "default": true
            },
            {
              "name": "lib",
              "path": "/nix/store/yja4rgfrwyxckwqf10rbr4armbn0p2y5-postgresql-17.4-lib"
            },
            {
              "name": "debug",
              "path": "/nix/store/zrlrz84kzfvnxcx5mis53scr205p29hx-postgresql-17.4-debug"
            },
            {
              "name": "dev",
              "path": "/nix/store/piqzr58swwmbsngl3jp98xgrf17a960n-postgresql-17.4-dev"
            },
            {
              "name": "doc",
              "path": "/nix/store/ilc5sycwvqjjfa33978nb1p14x358l1c-postgresql-17.4-doc"
            }
          ],
          "store_path": "/nix/store/snfxmriwav4i0k1fxp78xk5w12hbv4q9-postgresql-17.4"
        }
      }
    },
    "python@latest": {
      "last_modified": "2025-05-16T20:19:48Z",
      "plugin_version": "0.0.4",
      "resolved": "github:NixOS/nixpkgs/12a55407652e04dcf2309436eb06fef0d3713ef3#python313",
      "source": "devbox-search",
      "version": "3.13.3",
      "systems": {
        "aarch64-darwin": {
          "outputs": [
            {
              "name": "out",
              "path": "/nix/store/1a8xg8l3m67hxinxzzcsak9736qm9vsf-python3-3.13.3",
              "default": true
            }
          ],
          "store_path": "/nix/store/1a8xg8l3m67hxinxzzcsak9736qm9vsf-python3-3.13.3"
        },
        "aarch64-linux": {
          "outputs": [
            {
              "name": "out",
              "path": "/nix/store/yy0xvc2rydhrs0h1v8d7r3sql347xzz5-python3-3.13.3",
              "default": true
            },
            {
              "name": "debug",
              "path": "/nix/store/42bxfqfrh8cwspl7szr0cw8739xv8qlq-python3-3.13.3-debug"
            }
          ],
          "store_path": "/nix/store/yy0xvc2rydhrs0h1v8d7r3sql347xzz5-python3-3.13.3"
        },
        "x86_64-darwin": {
          "outputs": [
            {
              "name": "out",
              "path": "/nix/store/gbrigjhghz9v2p0zf9b2fnvs0g0yx7q4-python3-3.13.3",
              "default": true
            }
          ],
          "store_path": "/nix/store/gbrigjhghz9v2p0zf9b2fnvs0g0yx7q4-python3-3.13.3"
        },
        "x86_64-linux": {
          "outputs": [
            {
              "name": "out",
              "path": "/nix/store/2mab9iiwhcqwk75qwvp3zv0bvbiaq6cs-python3-3.13.3",
              "default": true
            },
            {
              "name": "debug",
              "path": "/nix/store/9z6k8ijl2md0y2n95yprbjj4vxbfsi15-python3-3.13.3-debug"
            }
          ],
          "store_path": "/nix/store/2mab9iiwhcqwk75qwvp3zv0bvbiaq6cs-python3-3.13.3"
        }
      }
    }
  }
}
