{
  "lockfile_version": "1",
  "packages": {
    "gcc@latest": {
      "last_modified": "2025-02-07T11:26:36Z",
      "resolved": "github:NixOS/nixpkgs/d98abf5cf5914e5e4e9d57205e3af55ca90ffc1d#gcc",
      "source": "devbox-search",
      "version": "14-20241116",
      "systems": {
        "aarch64-darwin": {
          "outputs": [
            {
              "name": "out",
              "path": "/nix/store/3k1dfk03xkmaf6cksgpk492k3m8brvmp-gcc-wrapper-14-20241116",
              "default": true
            },
            {
              "name": "man",
              "path": "/nix/store/cf67mihrjf3a1w4sw8jkgw49kfi54wpq-gcc-wrapper-14-20241116-man",
              "default": true
            },
            {
              "name": "info",
              "path": "/nix/store/jgsywypzhdim8s6x25cnr31ygm28lhin-gcc-wrapper-14-20241116-info"
            }
          ],
          "store_path": "/nix/store/3k1dfk03xkmaf6cksgpk492k3m8brvmp-gcc-wrapper-14-20241116"
        },
        "aarch64-linux": {
          "outputs": [
            {
              "name": "out",
              "path": "/nix/store/pavcqvq7ycdbpal1mfjsscvgngzsg9sp-gcc-wrapper-14-20241116",
              "default": true
            },
            {
              "name": "man",
              "path": "/nix/store/srwbca27wpylwzaqz9ssbhlkx910ryv1-gcc-wrapper-14-20241116-man",
              "default": true
            },
            {
              "name": "info",
              "path": "/nix/store/yrdz1bra65cc9i2n2ghsz98g4fx2jra3-gcc-wrapper-14-20241116-info"
            }
          ],
          "store_path": "/nix/store/pavcqvq7ycdbpal1mfjsscvgngzsg9sp-gcc-wrapper-14-20241116"
        },
        "x86_64-darwin": {
          "outputs": [
            {
              "name": "out",
              "path": "/nix/store/g2462k2svl4zn5q7yypqirp6xxq0s9aq-gcc-wrapper-14-20241116",
              "default": true
            },
            {
              "name": "man",
              "path": "/nix/store/s0vndfpg8gsz40wmf3v11csk3n497kqm-gcc-wrapper-14-20241116-man",
              "default": true
            },
            {
              "name": "info",
              "path": "/nix/store/3x75ibh7rj95vm09q38iqj8l5jwbrarl-gcc-wrapper-14-20241116-info"
            }
          ],
          "store_path": "/nix/store/g2462k2svl4zn5q7yypqirp6xxq0s9aq-gcc-wrapper-14-20241116"
        },
        "x86_64-linux": {
          "outputs": [
            {
              "name": "out",
              "path": "/nix/store/4ijy8jbsiqmj37avrk83gn2m903486mr-gcc-wrapper-14-20241116",
              "default": true
            },
            {
              "name": "man",
              "path": "/nix/store/vyax7fpbw688qwx32c1i8n1f5jbjkcii-gcc-wrapper-14-20241116-man",
              "default": true
            },
            {
              "name": "info",
              "path": "/nix/store/m4641rrm7dw80bn23ab0812pm6aj6402-gcc-wrapper-14-20241116-info"
            }
          ],
          "store_path": "/nix/store/4ijy8jbsiqmj37avrk83gn2m903486mr-gcc-wrapper-14-20241116"
        }
      }
    },
    "github:NixOS/nixpkgs/nixpkgs-unstable": {
      "resolved": "github:NixOS/nixpkgs/d9b69c3ec2a2e2e971c534065bdd53374bd68b97?lastModified=1740396192&narHash=sha256-ATMHHrg3sG1KgpQA5x8I%2BzcYpp5Sf17FaFj%2FfN%2B8OoQ%3D"
    },
    "go@latest": {
      "last_modified": "2024-09-10T15:01:03Z",
      "resolved": "github:NixOS/nixpkgs/5ed627539ac84809c78b2dd6d26a5cebeb5ae269#go_1_23",
      "source": "devbox-search",
      "version": "1.23.1",
      "systems": {
        "aarch64-darwin": {
          "outputs": [
            {
              "name": "out",
              "path": "/nix/store/nvaay1c4banbccyvv6ba1gzyqpypjmfq-go-1.23.1",
              "default": true
            }
          ],
          "store_path": "/nix/store/nvaay1c4banbccyvv6ba1gzyqpypjmfq-go-1.23.1"
        },
        "aarch64-linux": {
          "outputs": [
            {
              "name": "out",
              "path": "/nix/store/9ylsay11jb3p6yarkmlz0fin76cdypwa-go-1.23.1",
              "default": true
            }
          ],
          "store_path": "/nix/store/9ylsay11jb3p6yarkmlz0fin76cdypwa-go-1.23.1"
        },
        "x86_64-darwin": {
          "outputs": [
            {
              "name": "out",
              "path": "/nix/store/zkg5xhyx2rs03dq0qp14nqlx9ff1y5c5-go-1.23.1",
              "default": true
            }
          ],
          "store_path": "/nix/store/zkg5xhyx2rs03dq0qp14nqlx9ff1y5c5-go-1.23.1"
        },
        "x86_64-linux": {
          "outputs": [
            {
              "name": "out",
              "path": "/nix/store/mi0ybwsm6pmxzv9hsm6bcbqaq1pkf8wh-go-1.23.1",
              "default": true
            }
          ],
          "store_path": "/nix/store/mi0ybwsm6pmxzv9hsm6bcbqaq1pkf8wh-go-1.23.1"
        }
      }
    },
    "postgresql@latest": {
      "last_modified": "2025-03-25T17:32:05Z",
      "plugin_version": "0.0.2",
      "resolved": "github:NixOS/nixpkgs/25d1b84f5c90632a623c48d83a2faf156451e6b1#postgresql",
      "source": "devbox-search",
      "version": "17.4",
      "systems": {
        "aarch64-darwin": {
          "outputs": [
            {
              "name": "out",
              "path": "/nix/store/prh52g9iwjdddxbv4n0b52gbnlxnnk6w-postgresql-17.4",
              "default": true
            },
            {
              "name": "man",
              "path": "/nix/store/il144892arv36x68b5y95bkvrq32ym91-postgresql-17.4-man",
              "default": true
            },
            {
              "name": "dev",
              "path": "/nix/store/7gf8hy13r7li2balcini7004aml54l5n-postgresql-17.4-dev"
            },
            {
              "name": "doc",
              "path": "/nix/store/6x00505hxzfwjfpk15v6p4qqnbpk5dza-postgresql-17.4-doc"
            },
            {
              "name": "lib",
              "path": "/nix/store/c9g6v34cjsf308m9xzcs7figc1vgbbw3-postgresql-17.4-lib"
            }
          ],
          "store_path": "/nix/store/prh52g9iwjdddxbv4n0b52gbnlxnnk6w-postgresql-17.4"
        },
        "aarch64-linux": {
          "outputs": [
            {
              "name": "out",
              "path": "/nix/store/1lgjdy1nm8l68y2jw6m1lhas4j5jcmk1-postgresql-17.4",
              "default": true
            },
            {
              "name": "man",
              "path": "/nix/store/1v352rrzfv5p105jfaizxhd29nk41hgp-postgresql-17.4-man",
              "default": true
            },
            {
              "name": "debug",
              "path": "/nix/store/5bywayb6ywgznzh9cck9wpya1bzg4v0a-postgresql-17.4-debug"
            },
            {
              "name": "dev",
              "path": "/nix/store/zs35b02p7cay6jp7zr1xihwx8vzab17c-postgresql-17.4-dev"
            },
            {
              "name": "doc",
              "path": "/nix/store/1qccl3dm5wcja6h2kjkhvs5r9l1bx4hz-postgresql-17.4-doc"
            },
            {
              "name": "lib",
              "path": "/nix/store/kyh4l6wsjgwghvjw9810p7nn1ap106mj-postgresql-17.4-lib"
            }
          ],
          "store_path": "/nix/store/1lgjdy1nm8l68y2jw6m1lhas4j5jcmk1-postgresql-17.4"
        },
        "x86_64-darwin": {
          "outputs": [
            {
              "name": "out",
              "path": "/nix/store/0mzgv54qxafr66f4d7prz42fhs833mhk-postgresql-17.4",
              "default": true
            },
            {
              "name": "man",
              "path": "/nix/store/akb98lb29c1x3mflzcwqy4a0gqfk331r-postgresql-17.4-man",
              "default": true
            },
            {
              "name": "dev",
              "path": "/nix/store/gpkbg9yhx7jji2hr3jp89q06hi6v7qrk-postgresql-17.4-dev"
            },
            {
              "name": "doc",
              "path": "/nix/store/9hxw6pf1qnlz1ygx5ximyvc48swb54n0-postgresql-17.4-doc"
            },
            {
              "name": "lib",
              "path": "/nix/store/kyml5v1q498ympq67jvcnhgmsn8384zk-postgresql-17.4-lib"
            }
          ],
          "store_path": "/nix/store/0mzgv54qxafr66f4d7prz42fhs833mhk-postgresql-17.4"
        },
        "x86_64-linux": {
          "outputs": [
            {
              "name": "out",
              "path": "/nix/store/snfxmriwav4i0k1fxp78xk5w12hbv4q9-postgresql-17.4",
              "default": true
            },
            {
              "name": "man",
              "path": "/nix/store/pcx190vq4awjcgpmj2flrbp9awhdc74q-postgresql-17.4-man",
              "default": true
            },
            {
              "name": "lib",
              "path": "/nix/store/yja4rgfrwyxckwqf10rbr4armbn0p2y5-postgresql-17.4-lib"
            },
            {
              "name": "debug",
              "path": "/nix/store/zrlrz84kzfvnxcx5mis53scr205p29hx-postgresql-17.4-debug"
            },
            {
              "name": "dev",
              "path": "/nix/store/piqzr58swwmbsngl3jp98xgrf17a960n-postgresql-17.4-dev"
            },
            {
              "name": "doc",
              "path": "/nix/store/ilc5sycwvqjjfa33978nb1p14x358l1c-postgresql-17.4-doc"
            }
          ],
          "store_path": "/nix/store/snfxmriwav4i0k1fxp78xk5w12hbv4q9-postgresql-17.4"
        }
      }
    }
  }
}
